{
  "dependencies": {
    "binaryjs": {
      "version": "0.2.1",
      "dependencies": {
        "streamws": {
          "version": "0.1.1",
          "dependencies": {
            "commander": {
              "version": "0.6.1"
            },
            "tinycolor": {
              "version": "0.0.1"
            },
            "options": {
              "version": "0.0.6"
            }
          }
        },
        "binarypack": {
          "version": "0.0.4",
          "dependencies": {
            "buffercursor": {
              "version": "0.0.12",
              "dependencies": {
                "verror": {
                  "version": "1.6.0",
                  "dependencies": {
                    "extsprintf": {
                      "version": "1.2.0"
                    }
                  }
                }
              }
            }
          }
        },
        "streamers": {
          "version": "0.1.1",
          "dependencies": {
            "underscore": {
              "version": "1.2.3"
            },
            "vows": {
              "version": "0.6.1",
              "dependencies": {
                "eyes": {
                  "version": "0.1.8"
                }
              }
            }
          }
        }
      }
    },
    "wav": {
      "version": "1.0.0",
      "dependencies": {
        "debug": {
          "version": "1.0.4",
          "dependencies": {
            "ms": {
              "version": "0.6.2"
            }
          }
        },
        "readable-stream": {
          "version": "1.0.33",
          "dependencies": {
            "core-util-is": {
              "version": "1.0.1"
            },
            "isarray": {
              "version": "0.0.1"
            },
            "string_decoder": {
              "version": "0.10.31"
            },
            "inherits": {
              "version": "2.0.1"
            }
          }
        },
        "stream-parser": {
          "version": "0.3.0"
        }
      }
    }
  }
}
